{
  "name": "relude-fetch",
  "version": "0.2.1",
  "lockfileVersion": 1,
  "requires": true,
  "dependencies": {
    "bs-abstract": {
      "version": "0.17.0",
      "resolved": "https://registry.npmjs.org/bs-abstract/-/bs-abstract-0.17.0.tgz",
      "integrity": "sha512-J1sPz2EZS29Ga0YdOVV8wD7PPKpCxrpEgMKLcehXNseSNxiWgmg4mxmJEhRva/d/d0LpjM4HysBiuCDwZ1FTNQ==",
      "dev": true
    },
    "bs-fetch": {
      "version": "0.3.1",
      "resolved": "https://registry.npmjs.org/bs-fetch/-/bs-fetch-0.3.1.tgz",
      "integrity": "sha512-MxwnuuXPldXnoCtlpeN5JNbbmb1tVgsqpLfVunvuMLAIQNyP0TqoImHiQRTz38PBSN8/iX+2yVlm+PFJfnHHiA==",
      "dev": true
    },
    "bs-platform": {
      "version": "5.0.6",
      "resolved": "https://registry.npmjs.org/bs-platform/-/bs-platform-5.0.6.tgz",
      "integrity": "sha512-6Boa2VEcWJp2WJr38L7bp3J929nYha7gDarjxb070jWzgfPJ/WbzjipmSfnu2eqqk1MfjEIpBipbPz6n1NISwA==",
      "dev": true
    },
    "encoding": {
      "version": "0.1.12",
      "resolved": "https://registry.npmjs.org/encoding/-/encoding-0.1.12.tgz",
      "integrity": "sha1-U4tm8+5izRq1HsMjgp0flIDHS+s=",
      "dev": true,
      "requires": {
        "iconv-lite": "~0.4.13"
      }
    },
    "iconv-lite": {
      "version": "0.4.24",
      "resolved": "https://registry.npmjs.org/iconv-lite/-/iconv-lite-0.4.24.tgz",
      "integrity": "sha512-v3MXnZAcvnywkTUEZomIActle7RXXeedOR31wwl7VlyoXO4Qi9arvSenNQWne1TcRwhCL1HwLI21bEqdpj8/rA==",
      "dev": true,
      "requires": {
        "safer-buffer": ">= 2.1.2 < 3"
      }
    },
    "is-stream": {
      "version": "1.1.0",
      "resolved": "https://registry.npmjs.org/is-stream/-/is-stream-1.1.0.tgz",
      "integrity": "sha1-EtSj3U5o4Lec6428hBc66A2RykQ=",
      "dev": true
    },
    "isomorphic-fetch": {
      "version": "2.2.1",
      "resolved": "https://registry.npmjs.org/isomorphic-fetch/-/isomorphic-fetch-2.2.1.tgz",
      "integrity": "sha1-YRrhrPFPXoH3KVB0coGf6XM1WKk=",
      "dev": true,
      "requires": {
        "node-fetch": "^1.0.1",
        "whatwg-fetch": ">=0.10.0"
      }
    },
    "node-fetch": {
      "version": "1.7.3",
      "resolved": "https://registry.npmjs.org/node-fetch/-/node-fetch-1.7.3.tgz",
      "integrity": "sha512-NhZ4CsKx7cYm2vSrBAr2PvFOe6sWDf0UYLRqA6svUYg7+/TSfVAu49jYC4BvQ4Sms9SZgdqGBgroqfDhJdTyKQ==",
      "dev": true,
      "requires": {
        "encoding": "^0.1.11",
        "is-stream": "^1.0.1"
      }
    },
    "relude": {
      "version": "0.18.0",
      "resolved": "https://registry.npmjs.org/relude/-/relude-0.18.0.tgz",
      "integrity": "sha512-eX1O9NegrM5SlPcmLgH4zhbiqE993/IiSmO5N7nr8HtBSTb0uEHOrgMkI1abcjKhizo/huqdK549HDeeq+efew==",
      "dev": true
    },
    "safer-buffer": {
      "version": "2.1.2",
      "resolved": "https://registry.npmjs.org/safer-buffer/-/safer-buffer-2.1.2.tgz",
      "integrity": "sha512-YZo3K82SD7Riyi0E1EQPojLz7kpepnSQI9IyPbHHg1XXXevb5dJI7tpyN2ADxGcQbHG7vcyRHk0cbwqcQriUtg==",
      "dev": true
    },
    "whatwg-fetch": {
      "version": "3.0.0",
      "resolved": "https://registry.npmjs.org/whatwg-fetch/-/whatwg-fetch-3.0.0.tgz",
      "integrity": "sha512-9GSJUgz1D4MfyKU7KRqwOjXCXTqWdFNvEr7eUBYchQiVc744mqK/MzXPNR2WsPkmkOa4ywfg8C2n8h+13Bey1Q==",
      "dev": true
    }
  }
}
